// !$*UTF8*$!
{
	archiveVersion = 1;
	classes = {
	};
	objectVersion = 56;
	objects = {

/* Begin PBXBuildFile section */
		91599DA12D183A9F00CB33C9 /* galeriaApp.swift in Sources */ = {isa = PBXBuildFile; fileRef = 91599DA02D183A9F00CB33C9 /* galeriaApp.swift */; };
		91599DA32D183A9F00CB33C9 /* ContentView.swift in Sources */ = {isa = PBXBuildFile; fileRef = 91599DA22D183A9F00CB33C9 /* ContentView.swift */; };
		91599DA52D183AA100CB33C9 /* Assets.xcassets in Resources */ = {isa = PBXBuildFile; fileRef = 91599DA42D183AA100CB33C9 /* Assets.xcassets */; };
		91599DA82D183AA100CB33C9 /* Preview Assets.xcassets in Resources */ = {isa = PBXBuildFile; fileRef = 91599DA72D183AA100CB33C9 /* Preview Assets.xcassets */; };
		91599DAA2D183AA100CB33C9 /* Persistence.swift in Sources */ = {isa = PBXBuildFile; fileRef = 91599DA92D183AA100CB33C9 /* Persistence.swift */; };
		91599DAD2D183AA100CB33C9 /* galeria.xcdatamodeld in Sources */ = {isa = PBXBuildFile; fileRef = 91599DAB2D183AA100CB33C9 /* galeria.xcdatamodeld */; };
		91599DBC2D183B9700CB33C9 /* APIServices.swift in Sources */ = {isa = PBXBuildFile; fileRef = 91599DBB2D183B9700CB33C9 /* APIServices.swift */; };
		91599DBE2D183BB800CB33C9 /* CustomHeroServices.swift in Sources */ = {isa = PBXBuildFile; fileRef = 91599DBD2D183BB800CB33C9 /* CustomHeroServices.swift */; };
		91599DC02D183BCD00CB33C9 /* Hero.swift in Sources */ = {isa = PBXBuildFile; fileRef = 91599DBF2D183BCD00CB33C9 /* Hero.swift */; };
		91599DC22D183BE500CB33C9 /* CustomHero.swift in Sources */ = {isa = PBXBuildFile; fileRef = 91599DC12D183BE500CB33C9 /* CustomHero.swift */; };
		91599DC42D183D3F00CB33C9 /* CoreDataManager.swift in Sources */ = {isa = PBXBuildFile; fileRef = 91599DC32D183D3F00CB33C9 /* CoreDataManager.swift */; };
		91599DC62D183E8300CB33C9 /* MainView.swift in Sources */ = {isa = PBXBuildFile; fileRef = 91599DC52D183E8300CB33C9 /* MainView.swift */; };
		91599DC82D183EC200CB33C9 /* HeroListView.swift in Sources */ = {isa = PBXBuildFile; fileRef = 91599DC72D183EC200CB33C9 /* HeroListView.swift */; };
		91599DCA2D183ED700CB33C9 /* HeroDetailView.swift in Sources */ = {isa = PBXBuildFile; fileRef = 91599DC92D183ED700CB33C9 /* HeroDetailView.swift */; };
		91599DCC2D183EEB00CB33C9 /* CustomHeroListView.swift in Sources */ = {isa = PBXBuildFile; fileRef = 91599DCB2D183EEB00CB33C9 /* CustomHeroListView.swift */; };
		91599DCE2D183EFE00CB33C9 /* CustomHeroFormView.swift in Sources */ = {isa = PBXBuildFile; fileRef = 91599DCD2D183EFE00CB33C9 /* CustomHeroFormView.swift */; };
		91599DD02D183F6F00CB33C9 /* MainViewModel.swift in Sources */ = {isa = PBXBuildFile; fileRef = 91599DCF2D183F6F00CB33C9 /* MainViewModel.swift */; };
		91599DD22D183F8300CB33C9 /* HeroListViewModel.swift in Sources */ = {isa = PBXBuildFile; fileRef = 91599DD12D183F8300CB33C9 /* HeroListViewModel.swift */; };
		91599DD42D183F9A00CB33C9 /* HeroDetailViewModel.swift in Sources */ = {isa = PBXBuildFile; fileRef = 91599DD32D183F9A00CB33C9 /* HeroDetailViewModel.swift */; };
		91599DD62D183FAE00CB33C9 /* CustomHeroViewModel.swift in Sources */ = {isa = PBXBuildFile; fileRef = 91599DD52D183FAE00CB33C9 /* CustomHeroViewModel.swift */; };
		91599E282D18552D00CB33C9 /* galeriaTests.swift in Sources */ = {isa = PBXBuildFile; fileRef = 91599E272D18552D00CB33C9 /* galeriaTests.swift */; };
/* End PBXBuildFile section */

/* Begin PBXContainerItemProxy section */
		91599E292D18552D00CB33C9 /* PBXContainerItemProxy */ = {
			isa = PBXContainerItemProxy;
			containerPortal = 91599D952D183A9F00CB33C9 /* Project object */;
			proxyType = 1;
			remoteGlobalIDString = 91599D9C2D183A9F00CB33C9;
			remoteInfo = galeria;
		};
/* End PBXContainerItemProxy section */

/* Begin PBXFileReference section */
		91599D9D2D183A9F00CB33C9 /* galeria.app */ = {isa = PBXFileReference; explicitFileType = wrapper.application; includeInIndex = 0; path = galeria.app; sourceTree = BUILT_PRODUCTS_DIR; };
		91599DA02D183A9F00CB33C9 /* galeriaApp.swift */ = {isa = PBXFileReference; lastKnownFileType = sourcecode.swift; path = galeriaApp.swift; sourceTree = "<group>"; };
		91599DA22D183A9F00CB33C9 /* ContentView.swift */ = {isa = PBXFileReference; lastKnownFileType = sourcecode.swift; path = ContentView.swift; sourceTree = "<group>"; };
		91599DA42D183AA100CB33C9 /* Assets.xcassets */ = {isa = PBXFileReference; lastKnownFileType = folder.assetcatalog; path = Assets.xcassets; sourceTree = "<group>"; };
		91599DA72D183AA100CB33C9 /* Preview Assets.xcassets */ = {isa = PBXFileReference; lastKnownFileType = folder.assetcatalog; path = "Preview Assets.xcassets"; sourceTree = "<group>"; };
		91599DA92D183AA100CB33C9 /* Persistence.swift */ = {isa = PBXFileReference; lastKnownFileType = sourcecode.swift; path = Persistence.swift; sourceTree = "<group>"; };
		91599DAC2D183AA100CB33C9 /* galeria.xcdatamodel */ = {isa = PBXFileReference; lastKnownFileType = wrapper.xcdatamodel; path = galeria.xcdatamodel; sourceTree = "<group>"; };
		91599DBB2D183B9700CB33C9 /* APIServices.swift */ = {isa = PBXFileReference; lastKnownFileType = sourcecode.swift; path = APIServices.swift; sourceTree = "<group>"; };
		91599DBD2D183BB800CB33C9 /* CustomHeroServices.swift */ = {isa = PBXFileReference; lastKnownFileType = sourcecode.swift; path = CustomHeroServices.swift; sourceTree = "<group>"; };
		91599DBF2D183BCD00CB33C9 /* Hero.swift */ = {isa = PBXFileReference; lastKnownFileType = sourcecode.swift; path = Hero.swift; sourceTree = "<group>"; };
		91599DC12D183BE500CB33C9 /* CustomHero.swift */ = {isa = PBXFileReference; lastKnownFileType = sourcecode.swift; path = CustomHero.swift; sourceTree = "<group>"; };
		91599DC32D183D3F00CB33C9 /* CoreDataManager.swift */ = {isa = PBXFileReference; lastKnownFileType = sourcecode.swift; path = CoreDataManager.swift; sourceTree = "<group>"; };
		91599DC52D183E8300CB33C9 /* MainView.swift */ = {isa = PBXFileReference; lastKnownFileType = sourcecode.swift; path = MainView.swift; sourceTree = "<group>"; };
		91599DC72D183EC200CB33C9 /* HeroListView.swift */ = {isa = PBXFileReference; lastKnownFileType = sourcecode.swift; path = HeroListView.swift; sourceTree = "<group>"; };
		91599DC92D183ED700CB33C9 /* HeroDetailView.swift */ = {isa = PBXFileReference; lastKnownFileType = sourcecode.swift; path = HeroDetailView.swift; sourceTree = "<group>"; };
		91599DCB2D183EEB00CB33C9 /* CustomHeroListView.swift */ = {isa = PBXFileReference; lastKnownFileType = sourcecode.swift; path = CustomHeroListView.swift; sourceTree = "<group>"; };
		91599DCD2D183EFE00CB33C9 /* CustomHeroFormView.swift */ = {isa = PBXFileReference; lastKnownFileType = sourcecode.swift; path = CustomHeroFormView.swift; sourceTree = "<group>"; };
		91599DCF2D183F6F00CB33C9 /* MainViewModel.swift */ = {isa = PBXFileReference; lastKnownFileType = sourcecode.swift; path = MainViewModel.swift; sourceTree = "<group>"; };
		91599DD12D183F8300CB33C9 /* HeroListViewModel.swift */ = {isa = PBXFileReference; lastKnownFileType = sourcecode.swift; path = HeroListViewModel.swift; sourceTree = "<group>"; };
		91599DD32D183F9A00CB33C9 /* HeroDetailViewModel.swift */ = {isa = PBXFileReference; lastKnownFileType = sourcecode.swift; path = HeroDetailViewModel.swift; sourceTree = "<group>"; };
		91599DD52D183FAE00CB33C9 /* CustomHeroViewModel.swift */ = {isa = PBXFileReference; lastKnownFileType = sourcecode.swift; path = CustomHeroViewModel.swift; sourceTree = "<group>"; };
		91599E252D18552D00CB33C9 /* galeriaTests.xctest */ = {isa = PBXFileReference; explicitFileType = wrapper.cfbundle; includeInIndex = 0; path = galeriaTests.xctest; sourceTree = BUILT_PRODUCTS_DIR; };
		91599E272D18552D00CB33C9 /* galeriaTests.swift */ = {isa = PBXFileReference; lastKnownFileType = sourcecode.swift; path = galeriaTests.swift; sourceTree = "<group>"; };
/* End PBXFileReference section */

/* Begin PBXFrameworksBuildPhase section */
		91599D9A2D183A9F00CB33C9 /* Frameworks */ = {
			isa = PBXFrameworksBuildPhase;
			buildActionMask = 2147483647;
			files = (
			);
			runOnlyForDeploymentPostprocessing = 0;
		};
		91599E222D18552D00CB33C9 /* Frameworks */ = {
			isa = PBXFrameworksBuildPhase;
			buildActionMask = 2147483647;
			files = (
			);
			runOnlyForDeploymentPostprocessing = 0;
		};
/* End PBXFrameworksBuildPhase section */

/* Begin PBXGroup section */
		91599D942D183A9F00CB33C9 = {
			isa = PBXGroup;
			children = (
				91599D9F2D183A9F00CB33C9 /* galeria */,
				91599E262D18552D00CB33C9 /* galeriaTests */,
				91599D9E2D183A9F00CB33C9 /* Products */,
			);
			sourceTree = "<group>";
		};
		91599D9E2D183A9F00CB33C9 /* Products */ = {
			isa = PBXGroup;
			children = (
				91599D9D2D183A9F00CB33C9 /* galeria.app */,
				91599E252D18552D00CB33C9 /* galeriaTests.xctest */,
			);
			name = Products;
			sourceTree = "<group>";
		};
		91599D9F2D183A9F00CB33C9 /* galeria */ = {
			isa = PBXGroup;
			children = (
				91599DB62D183B1200CB33C9 /* Models */,
				91599DB72D183B2000CB33C9 /* ViewModels */,
				91599DB82D183B3100CB33C9 /* Views */,
				91599DB92D183B3F00CB33C9 /* Services */,
				91599DBA2D183B4B00CB33C9 /* CoreData */,
				91599DA02D183A9F00CB33C9 /* galeriaApp.swift */,
				91599DA22D183A9F00CB33C9 /* ContentView.swift */,
				91599DA42D183AA100CB33C9 /* Assets.xcassets */,
				91599DA92D183AA100CB33C9 /* Persistence.swift */,
				91599DAB2D183AA100CB33C9 /* galeria.xcdatamodeld */,
				91599DA62D183AA100CB33C9 /* Preview Content */,
			);
			path = galeria;
			sourceTree = "<group>";
		};
		91599DA62D183AA100CB33C9 /* Preview Content */ = {
			isa = PBXGroup;
			children = (
				91599DA72D183AA100CB33C9 /* Preview Assets.xcassets */,
			);
			path = "Preview Content";
			sourceTree = "<group>";
		};
		91599DB62D183B1200CB33C9 /* Models */ = {
			isa = PBXGroup;
			children = (
				91599DBF2D183BCD00CB33C9 /* Hero.swift */,
				91599DC12D183BE500CB33C9 /* CustomHero.swift */,
			);
			path = Models;
			sourceTree = "<group>";
		};
		91599DB72D183B2000CB33C9 /* ViewModels */ = {
			isa = PBXGroup;
			children = (
				91599DCF2D183F6F00CB33C9 /* MainViewModel.swift */,
				91599DD12D183F8300CB33C9 /* HeroListViewModel.swift */,
				91599DD32D183F9A00CB33C9 /* HeroDetailViewModel.swift */,
				91599DD52D183FAE00CB33C9 /* CustomHeroViewModel.swift */,
			);
			path = ViewModels;
			sourceTree = "<group>";
		};
		91599DB82D183B3100CB33C9 /* Views */ = {
			isa = PBXGroup;
			children = (
				91599DC52D183E8300CB33C9 /* MainView.swift */,
				91599DC72D183EC200CB33C9 /* HeroListView.swift */,
				91599DC92D183ED700CB33C9 /* HeroDetailView.swift */,
				91599DCB2D183EEB00CB33C9 /* CustomHeroListView.swift */,
				91599DCD2D183EFE00CB33C9 /* CustomHeroFormView.swift */,
			);
			path = Views;
			sourceTree = "<group>";
		};
		91599DB92D183B3F00CB33C9 /* Services */ = {
			isa = PBXGroup;
			children = (
				91599DBB2D183B9700CB33C9 /* APIServices.swift */,
				91599DBD2D183BB800CB33C9 /* CustomHeroServices.swift */,
			);
			path = Services;
			sourceTree = "<group>";
		};
		91599DBA2D183B4B00CB33C9 /* CoreData */ = {
			isa = PBXGroup;
			children = (
				91599DC32D183D3F00CB33C9 /* CoreDataManager.swift */,
			);
			path = CoreData;
			sourceTree = "<group>";
		};
		91599E262D18552D00CB33C9 /* galeriaTests */ = {
			isa = PBXGroup;
			children = (
				91599E272D18552D00CB33C9 /* galeriaTests.swift */,
			);
			path = galeriaTests;
			sourceTree = "<group>";
		};
/* End PBXGroup section */

/* Begin PBXNativeTarget section */
		91599D9C2D183A9F00CB33C9 /* galeria */ = {
			isa = PBXNativeTarget;
			buildConfigurationList = 91599DB02D183AA100CB33C9 /* Build configuration list for PBXNativeTarget "galeria" */;
			buildPhases = (
				91599D992D183A9F00CB33C9 /* Sources */,
				91599D9A2D183A9F00CB33C9 /* Frameworks */,
				91599D9B2D183A9F00CB33C9 /* Resources */,
			);
			buildRules = (
			);
			dependencies = (
			);
			name = galeria;
			productName = galeria;
			productReference = 91599D9D2D183A9F00CB33C9 /* galeria.app */;
			productType = "com.apple.product-type.application";
		};
		91599E242D18552D00CB33C9 /* galeriaTests */ = {
			isa = PBXNativeTarget;
			buildConfigurationList = 91599E2B2D18552D00CB33C9 /* Build configuration list for PBXNativeTarget "galeriaTests" */;
			buildPhases = (
				91599E212D18552D00CB33C9 /* Sources */,
				91599E222D18552D00CB33C9 /* Frameworks */,
				91599E232D18552D00CB33C9 /* Resources */,
			);
			buildRules = (
			);
			dependencies = (
				91599E2A2D18552D00CB33C9 /* PBXTargetDependency */,
			);
			name = galeriaTests;
			productName = galeriaTests;
			productReference = 91599E252D18552D00CB33C9 /* galeriaTests.xctest */;
			productType = "com.apple.product-type.bundle.unit-test";
		};
/* End PBXNativeTarget section */

/* Begin PBXProject section */
		91599D952D183A9F00CB33C9 /* Project object */ = {
			isa = PBXProject;
			attributes = {
				BuildIndependentTargetsInParallel = 1;
				LastSwiftUpdateCheck = 1540;
				LastUpgradeCheck = 1540;
				TargetAttributes = {
					91599D9C2D183A9F00CB33C9 = {
						CreatedOnToolsVersion = 15.4;
					};
					91599E242D18552D00CB33C9 = {
						CreatedOnToolsVersion = 15.4;
						TestTargetID = 91599D9C2D183A9F00CB33C9;
					};
				};
			};
			buildConfigurationList = 91599D982D183A9F00CB33C9 /* Build configuration list for PBXProject "galeria" */;
			compatibilityVersion = "Xcode 14.0";
			developmentRegion = en;
			hasScannedForEncodings = 0;
			knownRegions = (
				en,
				Base,
			);
			mainGroup = 91599D942D183A9F00CB33C9;
			productRefGroup = 91599D9E2D183A9F00CB33C9 /* Products */;
			projectDirPath = "";
			projectRoot = "";
			targets = (
				91599D9C2D183A9F00CB33C9 /* galeria */,
				91599E242D18552D00CB33C9 /* galeriaTests */,
			);
		};
/* End PBXProject section */

/* Begin PBXResourcesBuildPhase section */
		91599D9B2D183A9F00CB33C9 /* Resources */ = {
			isa = PBXResourcesBuildPhase;
			buildActionMask = 2147483647;
			files = (
				91599DA82D183AA100CB33C9 /* Preview Assets.xcassets in Resources */,
				91599DA52D183AA100CB33C9 /* Assets.xcassets in Resources */,
			);
			runOnlyForDeploymentPostprocessing = 0;
		};
		91599E232D18552D00CB33C9 /* Resources */ = {
			isa = PBXResourcesBuildPhase;
			buildActionMask = 2147483647;
			files = (
			);
			runOnlyForDeploymentPostprocessing = 0;
		};
/* End PBXResourcesBuildPhase section */

/* Begin PBXSourcesBuildPhase section */
		91599D992D183A9F00CB33C9 /* Sources */ = {
			isa = PBXSourcesBuildPhase;
			buildActionMask = 2147483647;
			files = (
				91599DBE2D183BB800CB33C9 /* CustomHeroServices.swift in Sources */,
				91599DAA2D183AA100CB33C9 /* Persistence.swift in Sources */,
				91599DAD2D183AA100CB33C9 /* galeria.xcdatamodeld in Sources */,
				91599DC62D183E8300CB33C9 /* MainView.swift in Sources */,
				91599DCC2D183EEB00CB33C9 /* CustomHeroListView.swift in Sources */,
				91599DD02D183F6F00CB33C9 /* MainViewModel.swift in Sources */,
				91599DA32D183A9F00CB33C9 /* ContentView.swift in Sources */,
				91599DC22D183BE500CB33C9 /* CustomHero.swift in Sources */,
				91599DD22D183F8300CB33C9 /* HeroListViewModel.swift in Sources */,
				91599DCE2D183EFE00CB33C9 /* CustomHeroFormView.swift in Sources */,
				91599DC02D183BCD00CB33C9 /* Hero.swift in Sources */,
				91599DC42D183D3F00CB33C9 /* CoreDataManager.swift in Sources */,
				91599DA12D183A9F00CB33C9 /* galeriaApp.swift in Sources */,
				91599DBC2D183B9700CB33C9 /* APIServices.swift in Sources */,
				91599DC82D183EC200CB33C9 /* HeroListView.swift in Sources */,
				91599DD62D183FAE00CB33C9 /* CustomHeroViewModel.swift in Sources */,
				91599DCA2D183ED700CB33C9 /* HeroDetailView.swift in Sources */,
				91599DD42D183F9A00CB33C9 /* HeroDetailViewModel.swift in Sources */,
			);
			runOnlyForDeploymentPostprocessing = 0;
		};
		91599E212D18552D00CB33C9 /* Sources */ = {
			isa = PBXSourcesBuildPhase;
			buildActionMask = 2147483647;
			files = (
				91599E282D18552D00CB33C9 /* galeriaTests.swift in Sources */,
			);
			runOnlyForDeploymentPostprocessing = 0;
		};
/* End PBXSourcesBuildPhase section */

/* Begin PBXTargetDependency section */
		91599E2A2D18552D00CB33C9 /* PBXTargetDependency */ = {
			isa = PBXTargetDependency;
			target = 91599D9C2D183A9F00CB33C9 /* galeria */;
			targetProxy = 91599E292D18552D00CB33C9 /* PBXContainerItemProxy */;
		};
/* End PBXTargetDependency section */

/* Begin XCBuildConfiguration section */
		91599DAE2D183AA100CB33C9 /* Debug */ = {
			isa = XCBuildConfiguration;
			buildSettings = {
				ALWAYS_SEARCH_USER_PATHS = NO;
				ASSETCATALOG_COMPILER_GENERATE_SWIFT_ASSET_SYMBOL_EXTENSIONS = YES;
				CLANG_ANALYZER_NONNULL = YES;
				CLANG_ANALYZER_NUMBER_OBJECT_CONVERSION = YES_AGGRESSIVE;
				CLANG_CXX_LANGUAGE_STANDARD = "gnu++20";
				CLANG_ENABLE_MODULES = YES;
				CLANG_ENABLE_OBJC_ARC = YES;
				CLANG_ENABLE_OBJC_WEAK = YES;
				CLANG_WARN_BLOCK_CAPTURE_AUTORELEASING = YES;
				CLANG_WARN_BOOL_CONVERSION = YES;
				CLANG_WARN_COMMA = YES;
				CLANG_WARN_CONSTANT_CONVERSION = YES;
				CLANG_WARN_DEPRECATED_OBJC_IMPLEMENTATIONS = YES;
				CLANG_WARN_DIRECT_OBJC_ISA_USAGE = YES_ERROR;
				CLANG_WARN_DOCUMENTATION_COMMENTS = YES;
				CLANG_WARN_EMPTY_BODY = YES;
				CLANG_WARN_ENUM_CONVERSION = YES;
				CLANG_WARN_INFINITE_RECURSION = YES;
				CLANG_WARN_INT_CONVERSION = YES;
				CLANG_WARN_NON_LITERAL_NULL_CONVERSION = YES;
				CLANG_WARN_OBJC_IMPLICIT_RETAIN_SELF = YES;
				CLANG_WARN_OBJC_LITERAL_CONVERSION = YES;
				CLANG_WARN_OBJC_ROOT_CLASS = YES_ERROR;
				CLANG_WARN_QUOTED_INCLUDE_IN_FRAMEWORK_HEADER = YES;
				CLANG_WARN_RANGE_LOOP_ANALYSIS = YES;
				CLANG_WARN_STRICT_PROTOTYPES = YES;
				CLANG_WARN_SUSPICIOUS_MOVE = YES;
				CLANG_WARN_UNGUARDED_AVAILABILITY = YES_AGGRESSIVE;
				CLANG_WARN_UNREACHABLE_CODE = YES;
				CLANG_WARN__DUPLICATE_METHOD_MATCH = YES;
				COPY_PHASE_STRIP = NO;
				DEBUG_INFORMATION_FORMAT = dwarf;
				ENABLE_STRICT_OBJC_MSGSEND = YES;
				ENABLE_TESTABILITY = YES;
				ENABLE_USER_SCRIPT_SANDBOXING = YES;
				GCC_C_LANGUAGE_STANDARD = gnu17;
				GCC_DYNAMIC_NO_PIC = NO;
				GCC_NO_COMMON_BLOCKS = YES;
				GCC_OPTIMIZATION_LEVEL = 0;
				GCC_PREPROCESSOR_DEFINITIONS = (
					"DEBUG=1",
					"$(inherited)",
				);
				GCC_WARN_64_TO_32_BIT_CONVERSION = YES;
				GCC_WARN_ABOUT_RETURN_TYPE = YES_ERROR;
				GCC_WARN_UNDECLARED_SELECTOR = YES;
				GCC_WARN_UNINITIALIZED_AUTOS = YES_AGGRESSIVE;
				GCC_WARN_UNUSED_FUNCTION = YES;
				GCC_WARN_UNUSED_VARIABLE = YES;
				IPHONEOS_DEPLOYMENT_TARGET = 17.5;
				LOCALIZATION_PREFERS_STRING_CATALOGS = YES;
				MTL_ENABLE_DEBUG_INFO = INCLUDE_SOURCE;
				MTL_FAST_MATH = YES;
				ONLY_ACTIVE_ARCH = YES;
				SDKROOT = iphoneos;
				SWIFT_ACTIVE_COMPILATION_CONDITIONS = "DEBUG $(inherited)";
				SWIFT_OPTIMIZATION_LEVEL = "-Onone";
			};
			name = Debug;
		};
		91599DAF2D183AA100CB33C9 /* Release */ = {
			isa = XCBuildConfiguration;
			buildSettings = {
				ALWAYS_SEARCH_USER_PATHS = NO;
				ASSETCATALOG_COMPILER_GENERATE_SWIFT_ASSET_SYMBOL_EXTENSIONS = YES;
				CLANG_ANALYZER_NONNULL = YES;
				CLANG_ANALYZER_NUMBER_OBJECT_CONVERSION = YES_AGGRESSIVE;
				CLANG_CXX_LANGUAGE_STANDARD = "gnu++20";
				CLANG_ENABLE_MODULES = YES;
				CLANG_ENABLE_OBJC_ARC = YES;
				CLANG_ENABLE_OBJC_WEAK = YES;
				CLANG_WARN_BLOCK_CAPTURE_AUTORELEASING = YES;
				CLANG_WARN_BOOL_CONVERSION = YES;
				CLANG_WARN_COMMA = YES;
				CLANG_WARN_CONSTANT_CONVERSION = YES;
				CLANG_WARN_DEPRECATED_OBJC_IMPLEMENTATIONS = YES;
				CLANG_WARN_DIRECT_OBJC_ISA_USAGE = YES_ERROR;
				CLANG_WARN_DOCUMENTATION_COMMENTS = YES;
				CLANG_WARN_EMPTY_BODY = YES;
				CLANG_WARN_ENUM_CONVERSION = YES;
				CLANG_WARN_INFINITE_RECURSION = YES;
				CLANG_WARN_INT_CONVERSION = YES;
				CLANG_WARN_NON_LITERAL_NULL_CONVERSION = YES;
				CLANG_WARN_OBJC_IMPLICIT_RETAIN_SELF = YES;
				CLANG_WARN_OBJC_LITERAL_CONVERSION = YES;
				CLANG_WARN_OBJC_ROOT_CLASS = YES_ERROR;
				CLANG_WARN_QUOTED_INCLUDE_IN_FRAMEWORK_HEADER = YES;
				CLANG_WARN_RANGE_LOOP_ANALYSIS = YES;
				CLANG_WARN_STRICT_PROTOTYPES = YES;
				CLANG_WARN_SUSPICIOUS_MOVE = YES;
				CLANG_WARN_UNGUARDED_AVAILABILITY = YES_AGGRESSIVE;
				CLANG_WARN_UNREACHABLE_CODE = YES;
				CLANG_WARN__DUPLICATE_METHOD_MATCH = YES;
				COPY_PHASE_STRIP = NO;
				DEBUG_INFORMATION_FORMAT = "dwarf-with-dsym";
				ENABLE_NS_ASSERTIONS = NO;
				ENABLE_STRICT_OBJC_MSGSEND = YES;
				ENABLE_USER_SCRIPT_SANDBOXING = YES;
				GCC_C_LANGUAGE_STANDARD = gnu17;
				GCC_NO_COMMON_BLOCKS = YES;
				GCC_WARN_64_TO_32_BIT_CONVERSION = YES;
				GCC_WARN_ABOUT_RETURN_TYPE = YES_ERROR;
				GCC_WARN_UNDECLARED_SELECTOR = YES;
				GCC_WARN_UNINITIALIZED_AUTOS = YES_AGGRESSIVE;
				GCC_WARN_UNUSED_FUNCTION = YES;
				GCC_WARN_UNUSED_VARIABLE = YES;
				IPHONEOS_DEPLOYMENT_TARGET = 17.5;
				LOCALIZATION_PREFERS_STRING_CATALOGS = YES;
				MTL_ENABLE_DEBUG_INFO = NO;
				MTL_FAST_MATH = YES;
				SDKROOT = iphoneos;
				SWIFT_COMPILATION_MODE = wholemodule;
				VALIDATE_PRODUCT = YES;
			};
			name = Release;
		};
		91599DB12D183AA100CB33C9 /* Debug */ = {
			isa = XCBuildConfiguration;
			buildSettings = {
				ASSETCATALOG_COMPILER_APPICON_NAME = AppIcon;
				ASSETCATALOG_COMPILER_GLOBAL_ACCENT_COLOR_NAME = AccentColor;
				CODE_SIGN_STYLE = Automatic;
				CURRENT_PROJECT_VERSION = 1;
				DEVELOPMENT_ASSET_PATHS = "\"galeria/Preview Content\"";
				DEVELOPMENT_TEAM = F4H6VZY634;
				ENABLE_PREVIEWS = YES;
				GENERATE_INFOPLIST_FILE = YES;
				INFOPLIST_KEY_UIApplicationSceneManifest_Generation = YES;
				INFOPLIST_KEY_UIApplicationSupportsIndirectInputEvents = YES;
				INFOPLIST_KEY_UILaunchScreen_Generation = YES;
				INFOPLIST_KEY_UISupportedInterfaceOrientations = UIInterfaceOrientationPortrait;
				IPHONEOS_DEPLOYMENT_TARGET = 16.0;
				LD_RUNPATH_SEARCH_PATHS = (
					"$(inherited)",
					"@executable_path/Frameworks",
				);
				MARKETING_VERSION = 1.0;
				PRODUCT_BUNDLE_IDENTIFIER = test.galeria;
				PRODUCT_NAME = "$(TARGET_NAME)";
				SWIFT_EMIT_LOC_STRINGS = YES;
				SWIFT_VERSION = 5.0;
				TARGETED_DEVICE_FAMILY = "1,2";
			};
			name = Debug;
		};
		91599DB22D183AA100CB33C9 /* Release */ = {
			isa = XCBuildConfiguration;
			buildSettings = {
				ASSETCATALOG_COMPILER_APPICON_NAME = AppIcon;
				ASSETCATALOG_COMPILER_GLOBAL_ACCENT_COLOR_NAME = AccentColor;
				CODE_SIGN_STYLE = Automatic;
				CURRENT_PROJECT_VERSION = 1;
				DEVELOPMENT_ASSET_PATHS = "\"galeria/Preview Content\"";
				DEVELOPMENT_TEAM = F4H6VZY634;
				ENABLE_PREVIEWS = YES;
				GENERATE_INFOPLIST_FILE = YES;
				INFOPLIST_KEY_UIApplicationSceneManifest_Generation = YES;
				INFOPLIST_KEY_UIApplicationSupportsIndirectInputEvents = YES;
				INFOPLIST_KEY_UILaunchScreen_Generation = YES;
				INFOPLIST_KEY_UISupportedInterfaceOrientations = UIInterfaceOrientationPortrait;
				IPHONEOS_DEPLOYMENT_TARGET = 16.0;
				LD_RUNPATH_SEARCH_PATHS = (
					"$(inherited)",
					"@executable_path/Frameworks",
				);
				MARKETING_VERSION = 1.0;
				PRODUCT_BUNDLE_IDENTIFIER = test.galeria;
				PRODUCT_NAME = "$(TARGET_NAME)";
				SWIFT_EMIT_LOC_STRINGS = YES;
				SWIFT_VERSION = 5.0;
				TARGETED_DEVICE_FAMILY = "1,2";
			};
			name = Release;
		};
		91599E2C2D18552D00CB33C9 /* Debug */ = {
			isa = XCBuildConfiguration;
			buildSettings = {
				BUNDLE_LOADER = "$(TEST_HOST)";
				CODE_SIGN_STYLE = Automatic;
				CURRENT_PROJECT_VERSION = 1;
				DEVELOPMENT_TEAM = F4H6VZY634;
				GENERATE_INFOPLIST_FILE = YES;
				MARKETING_VERSION = 1.0;
				PRODUCT_BUNDLE_IDENTIFIER = test.galeriaTests;
				PRODUCT_NAME = "$(TARGET_NAME)";
				SWIFT_EMIT_LOC_STRINGS = NO;
				SWIFT_VERSION = 5.0;
				TARGETED_DEVICE_FAMILY = "1,2";
				TEST_HOST = "$(BUILT_PRODUCTS_DIR)/galeria.app/$(BUNDLE_EXECUTABLE_FOLDER_PATH)/galeria";
			};
			name = Debug;
		};
		91599E2D2D18552D00CB33C9 /* Release */ = {
			isa = XCBuildConfiguration;
			buildSettings = {
				BUNDLE_LOADER = "$(TEST_HOST)";
				CODE_SIGN_STYLE = Automatic;
				CURRENT_PROJECT_VERSION = 1;
				DEVELOPMENT_TEAM = F4H6VZY634;
				GENERATE_INFOPLIST_FILE = YES;
				MARKETING_VERSION = 1.0;
				PRODUCT_BUNDLE_IDENTIFIER = test.galeriaTests;
				PRODUCT_NAME = "$(TARGET_NAME)";
				SWIFT_EMIT_LOC_STRINGS = NO;
				SWIFT_VERSION = 5.0;
				TARGETED_DEVICE_FAMILY = "1,2";
				TEST_HOST = "$(BUILT_PRODUCTS_DIR)/galeria.app/$(BUNDLE_EXECUTABLE_FOLDER_PATH)/galeria";
			};
			name = Release;
		};
/* End XCBuildConfiguration section */

/* Begin XCConfigurationList section */
		91599D982D183A9F00CB33C9 /* Build configuration list for PBXProject "galeria" */ = {
			isa = XCConfigurationList;
			buildConfigurations = (
				91599DAE2D183AA100CB33C9 /* Debug */,
				91599DAF2D183AA100CB33C9 /* Release */,
			);
			defaultConfigurationIsVisible = 0;
			defaultConfigurationName = Release;
		};
		91599DB02D183AA100CB33C9 /* Build configuration list for PBXNativeTarget "galeria" */ = {
			isa = XCConfigurationList;
			buildConfigurations = (
				91599DB12D183AA100CB33C9 /* Debug */,
				91599DB22D183AA100CB33C9 /* Release */,
			);
			defaultConfigurationIsVisible = 0;
			defaultConfigurationName = Release;
		};
		91599E2B2D18552D00CB33C9 /* Build configuration list for PBXNativeTarget "galeriaTests" */ = {
			isa = XCConfigurationList;
			buildConfigurations = (
				91599E2C2D18552D00CB33C9 /* Debug */,
				91599E2D2D18552D00CB33C9 /* Release */,
			);
			defaultConfigurationIsVisible = 0;
			defaultConfigurationName = Release;
		};
/* End XCConfigurationList section */

/* Begin XCVersionGroup section */
		91599DAB2D183AA100CB33C9 /* galeria.xcdatamodeld */ = {
			isa = XCVersionGroup;
			children = (
				91599DAC2D183AA100CB33C9 /* galeria.xcdatamodel */,
			);
			currentVersion = 91599DAC2D183AA100CB33C9 /* galeria.xcdatamodel */;
			path = galeria.xcdatamodeld;
			sourceTree = "<group>";
			versionGroupType = wrapper.xcdatamodel;
		};
/* End XCVersionGroup section */
	};
	rootObject = 91599D952D183A9F00CB33C9 /* Project object */;
}
